
Microsoft Visual Studio Solution File, Format Version 12.00
# Visual Studio 2013
VisualStudioVersion = 12.0.30324.0
MinimumVisualStudioVersion = 10.0.40219.1
Project("{FAE04EC0-301F-11D3-BF4B-00C04F79EFBC}") = "EntityFramework.Seeder.EF6", "EntityFramework.Seeder.EF6\EntityFramework.Seeder.EF6.csproj", "{CEC79D27-5977-450B-B984-9DD12A8D4518}"
EndProject
Project("{FAE04EC0-301F-11D3-BF4B-00C04F79EFBC}") = "EntityFramework.Seeder.EF6.Tests", "EntityFramework.Seeder.EF6.Tests\EntityFramework.Seeder.EF6.Tests.csproj", "{7ED022D2-65E5-4C0E-AD70-54A618E4E655}"
EndProject
Global
	GlobalSection(SolutionConfigurationPlatforms) = preSolution
		Debug|Any CPU = Debug|Any CPU
		Release|Any CPU = Release|Any CPU
	EndGlobalSection
	GlobalSection(ProjectConfigurationPlatforms) = postSolution
		{CEC79D27-5977-450B-B984-9DD12A8D4518}.Debug|Any CPU.ActiveCfg = Debug|Any CPU
		{CEC79D27-5977-450B-B984-9DD12A8D4518}.Debug|Any CPU.Build.0 = Debug|Any CPU
		{CEC79D27-5977-450B-B984-9DD12A8D4518}.Release|Any CPU.ActiveCfg = Release|Any CPU
		{CEC79D27-5977-450B-B984-9DD12A8D4518}.Release|Any CPU.Build.0 = Release|Any CPU
		{7ED022D2-65E5-4C0E-AD70-54A618E4E655}.Debug|Any CPU.ActiveCfg = Debug|Any CPU
		{7ED022D2-65E5-4C0E-AD70-54A618E4E655}.Debug|Any CPU.Build.0 = Debug|Any CPU
		{7ED022D2-65E5-4C0E-AD70-54A618E4E655}.Release|Any CPU.ActiveCfg = Release|Any CPU
		{7ED022D2-65E5-4C0E-AD70-54A618E4E655}.Release|Any CPU.Build.0 = Release|Any CPU
	EndGlobalSection
	GlobalSection(SolutionProperties) = preSolution
		HideSolutionNode = FALSE
	EndGlobalSection
EndGlobal
